
Microsoft Visual Studio Solution File, Format Version 12.00
# Visual Studio 14
VisualStudioVersion = 14.0.25420.1
MinimumVisualStudioVersion = 10.0.40219.1
Project("{FAE04EC0-301F-11D3-BF4B-00C04F79EFBC}") = "employeeform", "employeeform\employeeform.csproj", "{48D1E8AE-7D91-45C8-BAA2-5B8F2FD3B5C3}"
EndProject
Project("{2150E333-8FDC-42A3-9474-1A3956D46DE8}") = "MyCode", "MyCode", "{BB4B3D13-394F-4E48-BA6D-64362C6AFD80}"
EndProject
Project("{2150E333-8FDC-42A3-9474-1A3956D46DE8}") = "SupervisorCode", "SupervisorCode", "{BB39F7B7-FBC4-44FE-818B-F2F3C6C690D1}"
EndProject
Project("{FAE04EC0-301F-11D3-BF4B-00C04F79EFBC}") = "EmployeeReview", "EmployeeReview\EmployeeReview.csproj", "{DEC851FB-6BA0-4A97-BBFE-FEF699765841}"
EndProject
Project("{2150E333-8FDC-42A3-9474-1A3956D46DE8}") = "Level 1", "Level 1", "{990219E0-EC68-4CB3-A887-25F70864148F}"
EndProject
Project("{2150E333-8FDC-42A3-9474-1A3956D46DE8}") = "Added database", "Added database", "{D997641F-A8CB-4EA0-907E-2995DFBC8548}"
EndProject
Project("{2150E333-8FDC-42A3-9474-1A3956D46DE8}") = "level2", "level2", "{7B55521E-0A5A-4ABE-8531-3FC36EDF29D6}"
EndProject
Project("{FAE04EC0-301F-11D3-BF4B-00C04F79EFBC}") = "EmployeeReview1", "EmployeeReview1\EmployeeReview1.csproj", "{F6189007-BCA2-4679-BCBA-B5918A9F58E4}"
EndProject
Global
	GlobalSection(SolutionConfigurationPlatforms) = preSolution
		Debug|Any CPU = Debug|Any CPU
		Release|Any CPU = Release|Any CPU
	EndGlobalSection
	GlobalSection(ProjectConfigurationPlatforms) = postSolution
		{48D1E8AE-7D91-45C8-BAA2-5B8F2FD3B5C3}.Debug|Any CPU.ActiveCfg = Debug|Any CPU
		{48D1E8AE-7D91-45C8-BAA2-5B8F2FD3B5C3}.Debug|Any CPU.Build.0 = Debug|Any CPU
		{48D1E8AE-7D91-45C8-BAA2-5B8F2FD3B5C3}.Release|Any CPU.ActiveCfg = Release|Any CPU
		{48D1E8AE-7D91-45C8-BAA2-5B8F2FD3B5C3}.Release|Any CPU.Build.0 = Release|Any CPU
		{DEC851FB-6BA0-4A97-BBFE-FEF699765841}.Debug|Any CPU.ActiveCfg = Debug|Any CPU
		{DEC851FB-6BA0-4A97-BBFE-FEF699765841}.Debug|Any CPU.Build.0 = Debug|Any CPU
		{DEC851FB-6BA0-4A97-BBFE-FEF699765841}.Release|Any CPU.ActiveCfg = Release|Any CPU
		{DEC851FB-6BA0-4A97-BBFE-FEF699765841}.Release|Any CPU.Build.0 = Release|Any CPU
		{F6189007-BCA2-4679-BCBA-B5918A9F58E4}.Debug|Any CPU.ActiveCfg = Debug|Any CPU
		{F6189007-BCA2-4679-BCBA-B5918A9F58E4}.Debug|Any CPU.Build.0 = Debug|Any CPU
		{F6189007-BCA2-4679-BCBA-B5918A9F58E4}.Release|Any CPU.ActiveCfg = Release|Any CPU
		{F6189007-BCA2-4679-BCBA-B5918A9F58E4}.Release|Any CPU.Build.0 = Release|Any CPU
	EndGlobalSection
	GlobalSection(SolutionProperties) = preSolution
		HideSolutionNode = FALSE
	EndGlobalSection
	GlobalSection(NestedProjects) = preSolution
		{48D1E8AE-7D91-45C8-BAA2-5B8F2FD3B5C3} = {BB4B3D13-394F-4E48-BA6D-64362C6AFD80}
		{DEC851FB-6BA0-4A97-BBFE-FEF699765841} = {990219E0-EC68-4CB3-A887-25F70864148F}
		{990219E0-EC68-4CB3-A887-25F70864148F} = {BB39F7B7-FBC4-44FE-818B-F2F3C6C690D1}
		{D997641F-A8CB-4EA0-907E-2995DFBC8548} = {BB39F7B7-FBC4-44FE-818B-F2F3C6C690D1}
		{7B55521E-0A5A-4ABE-8531-3FC36EDF29D6} = {BB39F7B7-FBC4-44FE-818B-F2F3C6C690D1}
		{F6189007-BCA2-4679-BCBA-B5918A9F58E4} = {7B55521E-0A5A-4ABE-8531-3FC36EDF29D6}
	EndGlobalSection
EndGlobal
